
Microsoft Visual Studio Solution File, Format Version 12.00
# Visual Studio Version 16
VisualStudioVersion = 16.0.31702.278
MinimumVisualStudioVersion = 10.0.40219.1
Project("{9A19103F-16F7-4668-BE54-9A1E7A4F7556}") = "Microsoft Rewards Farmer", "MicrosoftRewards-Farmer\Microsoft Rewards Farmer.csproj", "{115D5443-9060-4113-BA74-A7F2772450B0}"
EndProject
Global
	GlobalSection(SolutionConfigurationPlatforms) = preSolution
		Debug|Any CPU = Debug|Any CPU
		Release|Any CPU = Release|Any CPU
	EndGlobalSection
	GlobalSection(ProjectConfigurationPlatforms) = postSolution
		{115D5443-9060-4113-BA74-A7F2772450B0}.Debug|Any CPU.ActiveCfg = Debug|Any CPU
		{115D5443-9060-4113-BA74-A7F2772450B0}.Debug|Any CPU.Build.0 = Debug|Any CPU
		{115D5443-9060-4113-BA74-A7F2772450B0}.Release|Any CPU.ActiveCfg = Release|Any CPU
		{115D5443-9060-4113-BA74-A7F2772450B0}.Release|Any CPU.Build.0 = Release|Any CPU
	EndGlobalSection
	GlobalSection(SolutionProperties) = preSolution
		HideSolutionNode = FALSE
	EndGlobalSection
	GlobalSection(ExtensibilityGlobals) = postSolution
		SolutionGuid = {3475E1C8-AC34-4BBE-87C9-2BE40AD843E1}
	EndGlobalSection
EndGlobal
